
Microsoft Visual Studio Solution File, Format Version 12.00
# Visual Studio 15
VisualStudioVersion = 15.0.28307.572
MinimumVisualStudioVersion = 10.0.40219.1
Project("{8BC9CEB8-8B4A-11D0-8D11-00A0C91BC942}") = "3_23", "3_23\3_23.vcxproj", "{A1B801A0-CD34-4634-8FE6-D991AA7256C2}"
EndProject
Global
	GlobalSection(SolutionConfigurationPlatforms) = preSolution
		Debug|x64 = Debug|x64
		Debug|x86 = Debug|x86
		Release|x64 = Release|x64
		Release|x86 = Release|x86
	EndGlobalSection
	GlobalSection(ProjectConfigurationPlatforms) = postSolution
		{A1B801A0-CD34-4634-8FE6-D991AA7256C2}.Debug|x64.ActiveCfg = Debug|x64
		{A1B801A0-CD34-4634-8FE6-D991AA7256C2}.Debug|x64.Build.0 = Debug|x64
		{A1B801A0-CD34-4634-8FE6-D991AA7256C2}.Debug|x86.ActiveCfg = Debug|Win32
		{A1B801A0-CD34-4634-8FE6-D991AA7256C2}.Debug|x86.Build.0 = Debug|Win32
		{A1B801A0-CD34-4634-8FE6-D991AA7256C2}.Release|x64.ActiveCfg = Release|x64
		{A1B801A0-CD34-4634-8FE6-D991AA7256C2}.Release|x64.Build.0 = Release|x64
		{A1B801A0-CD34-4634-8FE6-D991AA7256C2}.Release|x86.ActiveCfg = Release|Win32
		{A1B801A0-CD34-4634-8FE6-D991AA7256C2}.Release|x86.Build.0 = Release|Win32
	EndGlobalSection
	GlobalSection(SolutionProperties) = preSolution
		HideSolutionNode = FALSE
	EndGlobalSection
	GlobalSection(ExtensibilityGlobals) = postSolution
		SolutionGuid = {46C59533-A89D-4B9A-A193-B0AF8C51D23A}
	EndGlobalSection
EndGlobal
